// !$*UTF8*$!
{
	archiveVersion = 1;
	classes = {
	};
	objectVersion = 46;
	objects = {

/* Begin PBXBuildFile section */
		191440CA1506A20800ED3234 /* UIKit.framework in Frameworks */ = {isa = PBXBuildFile; fileRef = 191440C91506A20800ED3234 /* UIKit.framework */; };
		191440CC1506A20800ED3234 /* Foundation.framework in Frameworks */ = {isa = PBXBuildFile; fileRef = 191440CB1506A20800ED3234 /* Foundation.framework */; };
		191440CE1506A20800ED3234 /* CoreGraphics.framework in Frameworks */ = {isa = PBXBuildFile; fileRef = 191440CD1506A20800ED3234 /* CoreGraphics.framework */; };
		191440D41506A20800ED3234 /* InfoPlist.strings in Resources */ = {isa = PBXBuildFile; fileRef = 191440D21506A20800ED3234 /* InfoPlist.strings */; };
		191440D61506A20800ED3234 /* main.m in Sources */ = {isa = PBXBuildFile; fileRef = 191440D51506A20800ED3234 /* main.m */; };
		191440DA1506A20800ED3234 /* TestAppDelegate.m in Sources */ = {isa = PBXBuildFile; fileRef = 191440D91506A20800ED3234 /* TestAppDelegate.m */; };
		191440DD1506A20800ED3234 /* TestViewController.m in Sources */ = {isa = PBXBuildFile; fileRef = 191440DC1506A20800ED3234 /* TestViewController.m */; };
		191440E01506A20800ED3234 /* TestViewController_iPhone.xib in Resources */ = {isa = PBXBuildFile; fileRef = 191440DE1506A20800ED3234 /* TestViewController_iPhone.xib */; };
		191440E31506A20800ED3234 /* TestViewController_iPad.xib in Resources */ = {isa = PBXBuildFile; fileRef = 191440E11506A20800ED3234 /* TestViewController_iPad.xib */; };
		191440F41506A26100ED3234 /* background.png in Resources */ = {isa = PBXBuildFile; fileRef = 191440F31506A26100ED3234 /* background.png */; };
		191440F61506A26800ED3234 /* foreground.png in Resources */ = {isa = PBXBuildFile; fileRef = 191440F51506A26800ED3234 /* foreground.png */; };
		191440F81506A2B500ED3234 /* QuartzCore.framework in Frameworks */ = {isa = PBXBuildFile; fileRef = 191440F71506A2B500ED3234 /* QuartzCore.framework */; };
		191440FB1506ABCE00ED3234 /* MultistateButton.m in Sources */ = {isa = PBXBuildFile; fileRef = 191440FA1506ABCE00ED3234 /* MultistateButton.m */; };
/* End PBXBuildFile section */

/* Begin PBXFileReference section */
		191440C51506A20800ED3234 /* AnimationTest.app */ = {isa = PBXFileReference; explicitFileType = wrapper.application; includeInIndex = 0; path = AnimationTest.app; sourceTree = BUILT_PRODUCTS_DIR; };
		191440C91506A20800ED3234 /* UIKit.framework */ = {isa = PBXFileReference; lastKnownFileType = wrapper.framework; name = UIKit.framework; path = System/Library/Frameworks/UIKit.framework; sourceTree = SDKROOT; };
		191440CB1506A20800ED3234 /* Foundation.framework */ = {isa = PBXFileReference; lastKnownFileType = wrapper.framework; name = Foundation.framework; path = System/Library/Frameworks/Foundation.framework; sourceTree = SDKROOT; };
		191440CD1506A20800ED3234 /* CoreGraphics.framework */ = {isa = PBXFileReference; lastKnownFileType = wrapper.framework; name = CoreGraphics.framework; path = System/Library/Frameworks/CoreGraphics.framework; sourceTree = SDKROOT; };
		191440D11506A20800ED3234 /* AnimationTest-Info.plist */ = {isa = PBXFileReference; lastKnownFileType = text.plist.xml; path = "AnimationTest-Info.plist"; sourceTree = "<group>"; };
		191440D31506A20800ED3234 /* en */ = {isa = PBXFileReference; lastKnownFileType = text.plist.strings; name = en; path = en.lproj/InfoPlist.strings; sourceTree = "<group>"; };
		191440D51506A20800ED3234 /* main.m */ = {isa = PBXFileReference; lastKnownFileType = sourcecode.c.objc; path = main.m; sourceTree = "<group>"; };
		191440D71506A20800ED3234 /* AnimationTest-Prefix.pch */ = {isa = PBXFileReference; lastKnownFileType = sourcecode.c.h; path = "AnimationTest-Prefix.pch"; sourceTree = "<group>"; };
		191440D81506A20800ED3234 /* TestAppDelegate.h */ = {isa = PBXFileReference; lastKnownFileType = sourcecode.c.h; path = TestAppDelegate.h; sourceTree = "<group>"; };
		191440D91506A20800ED3234 /* TestAppDelegate.m */ = {isa = PBXFileReference; lastKnownFileType = sourcecode.c.objc; path = TestAppDelegate.m; sourceTree = "<group>"; };
		191440DB1506A20800ED3234 /* TestViewController.h */ = {isa = PBXFileReference; lastKnownFileType = sourcecode.c.h; path = TestViewController.h; sourceTree = "<group>"; };
		191440DC1506A20800ED3234 /* TestViewController.m */ = {isa = PBXFileReference; lastKnownFileType = sourcecode.c.objc; path = TestViewController.m; sourceTree = "<group>"; };
		191440DF1506A20800ED3234 /* en */ = {isa = PBXFileReference; lastKnownFileType = file.xib; name = en; path = en.lproj/TestViewController_iPhone.xib; sourceTree = "<group>"; };
		191440E21506A20800ED3234 /* en */ = {isa = PBXFileReference; lastKnownFileType = file.xib; name = en; path = en.lproj/TestViewController_iPad.xib; sourceTree = "<group>"; };
		191440F31506A26100ED3234 /* background.png */ = {isa = PBXFileReference; lastKnownFileType = image.png; path = background.png; sourceTree = "<group>"; };
		191440F51506A26800ED3234 /* foreground.png */ = {isa = PBXFileReference; lastKnownFileType = image.png; path = foreground.png; sourceTree = "<group>"; };
		191440F71506A2B500ED3234 /* QuartzCore.framework */ = {isa = PBXFileReference; lastKnownFileType = wrapper.framework; name = QuartzCore.framework; path = System/Library/Frameworks/QuartzCore.framework; sourceTree = SDKROOT; };
		191440F91506ABCE00ED3234 /* MultistateButton.h */ = {isa = PBXFileReference; fileEncoding = 4; lastKnownFileType = sourcecode.c.h; path = MultistateButton.h; sourceTree = "<group>"; };
		191440FA1506ABCE00ED3234 /* MultistateButton.m */ = {isa = PBXFileReference; fileEncoding = 4; lastKnownFileType = sourcecode.c.objc; path = MultistateButton.m; sourceTree = "<group>"; };
/* End PBXFileReference section */

/* Begin PBXFrameworksBuildPhase section */
		191440C21506A20800ED3234 /* Frameworks */ = {
			isa = PBXFrameworksBuildPhase;
			buildActionMask = 2147483647;
			files = (
				191440F81506A2B500ED3234 /* QuartzCore.framework in Frameworks */,
				191440CA1506A20800ED3234 /* UIKit.framework in Frameworks */,
				191440CC1506A20800ED3234 /* Foundation.framework in Frameworks */,
				191440CE1506A20800ED3234 /* CoreGraphics.framework in Frameworks */,
			);
			runOnlyForDeploymentPostprocessing = 0;
		};
/* End PBXFrameworksBuildPhase section */

/* Begin PBXGroup section */
		191440BA1506A20800ED3234 = {
			isa = PBXGroup;
			children = (
				191440CF1506A20800ED3234 /* AnimationTest */,
				191440C81506A20800ED3234 /* Frameworks */,
				191440C61506A20800ED3234 /* Products */,
			);
			sourceTree = "<group>";
		};
		191440C61506A20800ED3234 /* Products */ = {
			isa = PBXGroup;
			children = (
				191440C51506A20800ED3234 /* AnimationTest.app */,
			);
			name = Products;
			sourceTree = "<group>";
		};
		191440C81506A20800ED3234 /* Frameworks */ = {
			isa = PBXGroup;
			children = (
				191440CD1506A20800ED3234 /* CoreGraphics.framework */,
				191440CB1506A20800ED3234 /* Foundation.framework */,
				191440F71506A2B500ED3234 /* QuartzCore.framework */,
				191440C91506A20800ED3234 /* UIKit.framework */,
			);
			name = Frameworks;
			sourceTree = "<group>";
		};
		191440CF1506A20800ED3234 /* AnimationTest */ = {
			isa = PBXGroup;
			children = (
				191440F91506ABCE00ED3234 /* MultistateButton.h */,
				191440FA1506ABCE00ED3234 /* MultistateButton.m */,
				191440F31506A26100ED3234 /* background.png */,
				191440F51506A26800ED3234 /* foreground.png */,
				191440D01506A20800ED3234 /* Supporting Files */,
				191440D81506A20800ED3234 /* TestAppDelegate.h */,
				191440D91506A20800ED3234 /* TestAppDelegate.m */,
				191440DB1506A20800ED3234 /* TestViewController.h */,
				191440DC1506A20800ED3234 /* TestViewController.m */,
				191440E11506A20800ED3234 /* TestViewController_iPad.xib */,
				191440DE1506A20800ED3234 /* TestViewController_iPhone.xib */,
			);
			path = AnimationTest;
			sourceTree = "<group>";
		};
		191440D01506A20800ED3234 /* Supporting Files */ = {
			isa = PBXGroup;
			children = (
				191440D11506A20800ED3234 /* AnimationTest-Info.plist */,
				191440D21506A20800ED3234 /* InfoPlist.strings */,
				191440D51506A20800ED3234 /* main.m */,
				191440D71506A20800ED3234 /* AnimationTest-Prefix.pch */,
			);
			name = "Supporting Files";
			sourceTree = "<group>";
		};
/* End PBXGroup section */

/* Begin PBXNativeTarget section */
		191440C41506A20800ED3234 /* AnimationTest */ = {
			isa = PBXNativeTarget;
			buildConfigurationList = 191440E61506A20800ED3234 /* Build configuration list for PBXNativeTarget "AnimationTest" */;
			buildPhases = (
				191440C11506A20800ED3234 /* Sources */,
				191440C21506A20800ED3234 /* Frameworks */,
				191440C31506A20800ED3234 /* Resources */,
			);
			buildRules = (
			);
			dependencies = (
			);
			name = AnimationTest;
			productName = AnimationTest;
			productReference = 191440C51506A20800ED3234 /* AnimationTest.app */;
			productType = "com.apple.product-type.application";
		};
/* End PBXNativeTarget section */

/* Begin PBXProject section */
		191440BC1506A20800ED3234 /* Project object */ = {
			isa = PBXProject;
			attributes = {
				LastUpgradeCheck = 0430;
				ORGANIZATIONNAME = "Apple, Inc.";
			};
			buildConfigurationList = 191440BF1506A20800ED3234 /* Build configuration list for PBXProject "AnimationTest" */;
			compatibilityVersion = "Xcode 3.2";
			developmentRegion = English;
			hasScannedForEncodings = 0;
			knownRegions = (
				en,
			);
			mainGroup = 191440BA1506A20800ED3234;
			productRefGroup = 191440C61506A20800ED3234 /* Products */;
			projectDirPath = "";
			projectRoot = "";
			targets = (
				191440C41506A20800ED3234 /* AnimationTest */,
			);
		};
/* End PBXProject section */

/* Begin PBXResourcesBuildPhase section */
		191440C31506A20800ED3234 /* Resources */ = {
			isa = PBXResourcesBuildPhase;
			buildActionMask = 2147483647;
			files = (
				191440D41506A20800ED3234 /* InfoPlist.strings in Resources */,
				191440E01506A20800ED3234 /* TestViewController_iPhone.xib in Resources */,
				191440E31506A20800ED3234 /* TestViewController_iPad.xib in Resources */,
				191440F41506A26100ED3234 /* background.png in Resources */,
				191440F61506A26800ED3234 /* foreground.png in Resources */,
			);
			runOnlyForDeploymentPostprocessing = 0;
		};
/* End PBXResourcesBuildPhase section */

/* Begin PBXSourcesBuildPhase section */
		191440C11506A20800ED3234 /* Sources */ = {
			isa = PBXSourcesBuildPhase;
			buildActionMask = 2147483647;
			files = (
				191440D61506A20800ED3234 /* main.m in Sources */,
				191440DA1506A20800ED3234 /* TestAppDelegate.m in Sources */,
				191440DD1506A20800ED3234 /* TestViewController.m in Sources */,
				191440FB1506ABCE00ED3234 /* MultistateButton.m in Sources */,
			);
			runOnlyForDeploymentPostprocessing = 0;
		};
/* End PBXSourcesBuildPhase section */

/* Begin PBXVariantGroup section */
		191440D21506A20800ED3234 /* InfoPlist.strings */ = {
			isa = PBXVariantGroup;
			children = (
				191440D31506A20800ED3234 /* en */,
			);
			name = InfoPlist.strings;
			sourceTree = "<group>";
		};
		191440DE1506A20800ED3234 /* TestViewController_iPhone.xib */ = {
			isa = PBXVariantGroup;
			children = (
				191440DF1506A20800ED3234 /* en */,
			);
			name = TestViewController_iPhone.xib;
			sourceTree = "<group>";
		};
		191440E11506A20800ED3234 /* TestViewController_iPad.xib */ = {
			isa = PBXVariantGroup;
			children = (
				191440E21506A20800ED3234 /* en */,
			);
			name = TestViewController_iPad.xib;
			sourceTree = "<group>";
		};
/* End PBXVariantGroup section */

/* Begin XCBuildConfiguration section */
		191440E41506A20800ED3234 /* Debug */ = {
			isa = XCBuildConfiguration;
			buildSettings = {
				ALWAYS_SEARCH_USER_PATHS = NO;
				ARCHS = "$(ARCHS_STANDARD_32_BIT)";
				CLANG_ENABLE_OBJC_ARC = YES;
				"CODE_SIGN_IDENTITY[sdk=iphoneos*]" = "iPhone Developer";
				COPY_PHASE_STRIP = NO;
				GCC_C_LANGUAGE_STANDARD = gnu99;
				GCC_DYNAMIC_NO_PIC = NO;
				GCC_OPTIMIZATION_LEVEL = 0;
				GCC_PREPROCESSOR_DEFINITIONS = (
					"DEBUG=1",
					"$(inherited)",
				);
				GCC_SYMBOLS_PRIVATE_EXTERN = NO;
				GCC_VERSION = com.apple.compilers.llvm.clang.1_0;
				GCC_WARN_ABOUT_MISSING_PROTOTYPES = YES;
				GCC_WARN_ABOUT_RETURN_TYPE = YES;
				GCC_WARN_UNUSED_VARIABLE = YES;
				IPHONEOS_DEPLOYMENT_TARGET = 5.1;
				SDKROOT = iphoneos;
				TARGETED_DEVICE_FAMILY = "1,2";
			};
			name = Debug;
		};
		191440E51506A20800ED3234 /* Release */ = {
			isa = XCBuildConfiguration;
			buildSettings = {
				ALWAYS_SEARCH_USER_PATHS = NO;
				ARCHS = "$(ARCHS_STANDARD_32_BIT)";
				CLANG_ENABLE_OBJC_ARC = YES;
				"CODE_SIGN_IDENTITY[sdk=iphoneos*]" = "iPhone Developer";
				COPY_PHASE_STRIP = YES;
				GCC_C_LANGUAGE_STANDARD = gnu99;
				GCC_VERSION = com.apple.compilers.llvm.clang.1_0;
				GCC_WARN_ABOUT_MISSING_PROTOTYPES = YES;
				GCC_WARN_ABOUT_RETURN_TYPE = YES;
				GCC_WARN_UNUSED_VARIABLE = YES;
				IPHONEOS_DEPLOYMENT_TARGET = 5.1;
				OTHER_CFLAGS = "-DNS_BLOCK_ASSERTIONS=1";
				SDKROOT = iphoneos;
				TARGETED_DEVICE_FAMILY = "1,2";
				VALIDATE_PRODUCT = YES;
			};
			name = Release;
		};
		191440E71506A20800ED3234 /* Debug */ = {
			isa = XCBuildConfiguration;
			buildSettings = {
				GCC_PRECOMPILE_PREFIX_HEADER = YES;
				GCC_PREFIX_HEADER = "AnimationTest/AnimationTest-Prefix.pch";
				INFOPLIST_FILE = "AnimationTest/AnimationTest-Info.plist";
				PRODUCT_NAME = "$(TARGET_NAME)";
				WRAPPER_EXTENSION = app;
			};
			name = Debug;
		};
		191440E81506A20800ED3234 /* Release */ = {
			isa = XCBuildConfiguration;
			buildSettings = {
				GCC_PRECOMPILE_PREFIX_HEADER = YES;
				GCC_PREFIX_HEADER = "AnimationTest/AnimationTest-Prefix.pch";
				INFOPLIST_FILE = "AnimationTest/AnimationTest-Info.plist";
				PRODUCT_NAME = "$(TARGET_NAME)";
				WRAPPER_EXTENSION = app;
			};
			name = Release;
		};
/* End XCBuildConfiguration section */

/* Begin XCConfigurationList section */
		191440BF1506A20800ED3234 /* Build configuration list for PBXProject "AnimationTest" */ = {
			isa = XCConfigurationList;
			buildConfigurations = (
				191440E41506A20800ED3234 /* Debug */,
				191440E51506A20800ED3234 /* Release */,
			);
			defaultConfigurationIsVisible = 0;
			defaultConfigurationName = Release;
		};
		191440E61506A20800ED3234 /* Build configuration list for PBXNativeTarget "AnimationTest" */ = {
			isa = XCConfigurationList;
			buildConfigurations = (
				191440E71506A20800ED3234 /* Debug */,
				191440E81506A20800ED3234 /* Release */,
			);
			defaultConfigurationIsVisible = 0;
			defaultConfigurationName = Release;
		};
/* End XCConfigurationList section */
	};
	rootObject = 191440BC1506A20800ED3234 /* Project object */;
}
